
Microsoft Visual Studio Solution File, Format Version 12.00
# Visual Studio Version 17
VisualStudioVersion = 17.4.33205.214
MinimumVisualStudioVersion = 10.0.40219.1
Project("{2150E333-8FDC-42A3-9474-1A3956D46DE8}") = "tests", "tests", "{2E4EA5B7-7661-40D6-BF32-34F2422FAB9A}"
EndProject
Project("{2150E333-8FDC-42A3-9474-1A3956D46DE8}") = "src", "src", "{9AECC440-1389-4FDB-94FC-E01C57CF4F7D}"
EndProject
Project("{2150E333-8FDC-42A3-9474-1A3956D46DE8}") = "Shared", "Shared", "{CB90AD9E-4D00-4196-B266-F2F83EA54261}"
EndProject
Project("{2150E333-8FDC-42A3-9474-1A3956D46DE8}") = "Server", "Server", "{E903D9C3-EABE-4C42-AF38-1F069B2E2A1E}"
EndProject
Project("{2150E333-8FDC-42A3-9474-1A3956D46DE8}") = "Client", "Client", "{9D3D6B16-0BB2-4C14-8B62-0CB1347B4BA3}"
EndProject
Project("{9A19103F-16F7-4668-BE54-9A1E7A4F7556}") = "Shared", "Shared\Shared.csproj", "{7779E7A8-5D60-42D5-A70B-77375C7AB710}"
EndProject
Project("{9A19103F-16F7-4668-BE54-9A1E7A4F7556}") = "Server.DB", "Server.DB\Server.DB.csproj", "{C1F0539D-B872-4125-BE1B-423A3318791B}"
EndProject
Project("{9A19103F-16F7-4668-BE54-9A1E7A4F7556}") = "Server.BL", "Server.BL\Server.BL.csproj", "{91200C73-07E1-4371-A64D-8373643A440A}"
EndProject
Project("{2150E333-8FDC-42A3-9474-1A3956D46DE8}") = "Web", "Web", "{551B67DE-A305-48A7-99C6-53F2D4B134BB}"
EndProject
Project("{9A19103F-16F7-4668-BE54-9A1E7A4F7556}") = "Server.Web.BL", "Server.Web.BL\Server.Web.BL.csproj", "{D77B4D20-0573-4E05-AEB5-B23748B1EA6C}"
EndProject
Project("{9A19103F-16F7-4668-BE54-9A1E7A4F7556}") = "Server.Web.Api", "Server.Web.Api\Server.Web.Api.csproj", "{CA2E8FED-CC0C-49CF-8398-A88429B63E6B}"
EndProject
Project("{9A19103F-16F7-4668-BE54-9A1E7A4F7556}") = "Client.App", "Client.App\Client.App.csproj", "{45E9319B-A2C2-4BCF-97C9-AA8C443D8CCC}"
EndProject
Global
	GlobalSection(SolutionConfigurationPlatforms) = preSolution
		Debug|Any CPU = Debug|Any CPU
		Release|Any CPU = Release|Any CPU
	EndGlobalSection
	GlobalSection(ProjectConfigurationPlatforms) = postSolution
		{7779E7A8-5D60-42D5-A70B-77375C7AB710}.Debug|Any CPU.ActiveCfg = Debug|Any CPU
		{7779E7A8-5D60-42D5-A70B-77375C7AB710}.Debug|Any CPU.Build.0 = Debug|Any CPU
		{7779E7A8-5D60-42D5-A70B-77375C7AB710}.Release|Any CPU.ActiveCfg = Release|Any CPU
		{7779E7A8-5D60-42D5-A70B-77375C7AB710}.Release|Any CPU.Build.0 = Release|Any CPU
		{C1F0539D-B872-4125-BE1B-423A3318791B}.Debug|Any CPU.ActiveCfg = Debug|Any CPU
		{C1F0539D-B872-4125-BE1B-423A3318791B}.Debug|Any CPU.Build.0 = Debug|Any CPU
		{C1F0539D-B872-4125-BE1B-423A3318791B}.Release|Any CPU.ActiveCfg = Release|Any CPU
		{C1F0539D-B872-4125-BE1B-423A3318791B}.Release|Any CPU.Build.0 = Release|Any CPU
		{91200C73-07E1-4371-A64D-8373643A440A}.Debug|Any CPU.ActiveCfg = Debug|Any CPU
		{91200C73-07E1-4371-A64D-8373643A440A}.Debug|Any CPU.Build.0 = Debug|Any CPU
		{91200C73-07E1-4371-A64D-8373643A440A}.Release|Any CPU.ActiveCfg = Release|Any CPU
		{91200C73-07E1-4371-A64D-8373643A440A}.Release|Any CPU.Build.0 = Release|Any CPU
		{D77B4D20-0573-4E05-AEB5-B23748B1EA6C}.Debug|Any CPU.ActiveCfg = Debug|Any CPU
		{D77B4D20-0573-4E05-AEB5-B23748B1EA6C}.Debug|Any CPU.Build.0 = Debug|Any CPU
		{D77B4D20-0573-4E05-AEB5-B23748B1EA6C}.Release|Any CPU.ActiveCfg = Release|Any CPU
		{D77B4D20-0573-4E05-AEB5-B23748B1EA6C}.Release|Any CPU.Build.0 = Release|Any CPU
		{CA2E8FED-CC0C-49CF-8398-A88429B63E6B}.Debug|Any CPU.ActiveCfg = Debug|Any CPU
		{CA2E8FED-CC0C-49CF-8398-A88429B63E6B}.Debug|Any CPU.Build.0 = Debug|Any CPU
		{CA2E8FED-CC0C-49CF-8398-A88429B63E6B}.Release|Any CPU.ActiveCfg = Release|Any CPU
		{CA2E8FED-CC0C-49CF-8398-A88429B63E6B}.Release|Any CPU.Build.0 = Release|Any CPU
		{45E9319B-A2C2-4BCF-97C9-AA8C443D8CCC}.Debug|Any CPU.ActiveCfg = Debug|Any CPU
		{45E9319B-A2C2-4BCF-97C9-AA8C443D8CCC}.Debug|Any CPU.Build.0 = Debug|Any CPU
		{45E9319B-A2C2-4BCF-97C9-AA8C443D8CCC}.Debug|Any CPU.Deploy.0 = Debug|Any CPU
		{45E9319B-A2C2-4BCF-97C9-AA8C443D8CCC}.Release|Any CPU.ActiveCfg = Release|Any CPU
		{45E9319B-A2C2-4BCF-97C9-AA8C443D8CCC}.Release|Any CPU.Build.0 = Release|Any CPU
	EndGlobalSection
	GlobalSection(SolutionProperties) = preSolution
		HideSolutionNode = FALSE
	EndGlobalSection
	GlobalSection(NestedProjects) = preSolution
		{CB90AD9E-4D00-4196-B266-F2F83EA54261} = {9AECC440-1389-4FDB-94FC-E01C57CF4F7D}
		{E903D9C3-EABE-4C42-AF38-1F069B2E2A1E} = {9AECC440-1389-4FDB-94FC-E01C57CF4F7D}
		{9D3D6B16-0BB2-4C14-8B62-0CB1347B4BA3} = {9AECC440-1389-4FDB-94FC-E01C57CF4F7D}
		{7779E7A8-5D60-42D5-A70B-77375C7AB710} = {CB90AD9E-4D00-4196-B266-F2F83EA54261}
		{C1F0539D-B872-4125-BE1B-423A3318791B} = {E903D9C3-EABE-4C42-AF38-1F069B2E2A1E}
		{91200C73-07E1-4371-A64D-8373643A440A} = {E903D9C3-EABE-4C42-AF38-1F069B2E2A1E}
		{551B67DE-A305-48A7-99C6-53F2D4B134BB} = {E903D9C3-EABE-4C42-AF38-1F069B2E2A1E}
		{D77B4D20-0573-4E05-AEB5-B23748B1EA6C} = {551B67DE-A305-48A7-99C6-53F2D4B134BB}
		{CA2E8FED-CC0C-49CF-8398-A88429B63E6B} = {551B67DE-A305-48A7-99C6-53F2D4B134BB}
		{45E9319B-A2C2-4BCF-97C9-AA8C443D8CCC} = {9D3D6B16-0BB2-4C14-8B62-0CB1347B4BA3}
	EndGlobalSection
	GlobalSection(ExtensibilityGlobals) = postSolution
		SolutionGuid = {01E7CE21-22E2-412D-8D2D-8EE285D604EB}
	EndGlobalSection
EndGlobal
